
Microsoft Visual Studio Solution File, Format Version 12.00
# Visual Studio 14
VisualStudioVersion = 14.0.25420.1
MinimumVisualStudioVersion = 10.0.40219.1
Project("{FAE04EC0-301F-11D3-BF4B-00C04F79EFBC}") = "TennisGame", "TennisGame\TennisGame.csproj", "{9C98A07D-735E-409C-99B3-6407840943D7}"
EndProject
Project("{2150E333-8FDC-42A3-9474-1A3956D46DE8}") = "Tests", "Tests", "{0D09B5A4-A88C-4BE2-B553-7E303058C4CE}"
EndProject
Project("{FAE04EC0-301F-11D3-BF4B-00C04F79EFBC}") = "TennisGame.Tests", "TennisGame.Tests\TennisGame.Tests.csproj", "{38829465-1D4C-40BA-B1B0-FE35F01287A1}"
EndProject
Global
	GlobalSection(SolutionConfigurationPlatforms) = preSolution
		Debug|Any CPU = Debug|Any CPU
		Release|Any CPU = Release|Any CPU
	EndGlobalSection
	GlobalSection(ProjectConfigurationPlatforms) = postSolution
		{9C98A07D-735E-409C-99B3-6407840943D7}.Debug|Any CPU.ActiveCfg = Debug|Any CPU
		{9C98A07D-735E-409C-99B3-6407840943D7}.Debug|Any CPU.Build.0 = Debug|Any CPU
		{9C98A07D-735E-409C-99B3-6407840943D7}.Release|Any CPU.ActiveCfg = Release|Any CPU
		{9C98A07D-735E-409C-99B3-6407840943D7}.Release|Any CPU.Build.0 = Release|Any CPU
		{38829465-1D4C-40BA-B1B0-FE35F01287A1}.Debug|Any CPU.ActiveCfg = Debug|Any CPU
		{38829465-1D4C-40BA-B1B0-FE35F01287A1}.Debug|Any CPU.Build.0 = Debug|Any CPU
		{38829465-1D4C-40BA-B1B0-FE35F01287A1}.Release|Any CPU.ActiveCfg = Release|Any CPU
		{38829465-1D4C-40BA-B1B0-FE35F01287A1}.Release|Any CPU.Build.0 = Release|Any CPU
	EndGlobalSection
	GlobalSection(SolutionProperties) = preSolution
		HideSolutionNode = FALSE
	EndGlobalSection
	GlobalSection(NestedProjects) = preSolution
		{38829465-1D4C-40BA-B1B0-FE35F01287A1} = {0D09B5A4-A88C-4BE2-B553-7E303058C4CE}
	EndGlobalSection
EndGlobal
